
Microsoft Visual Studio Solution File, Format Version 12.00
# Visual Studio 15
VisualStudioVersion = 15.0.28010.2016
MinimumVisualStudioVersion = 10.0.40219.1
Project("{2150E333-8FDC-42A3-9474-1A3956D46DE8}") = "FirstNativeAndroidApp", "FirstNativeAndroidApp", "{B89CDC5A-FEE5-49FE-AE44-B0C2F74E2CDC}"
EndProject
Project("{39E2626F-3545-4960-A6E8-258AD8476CE5}") = "FirstNativeAndroidApp.Packaging", "FirstNativeAndroidApp\FirstNativeAndroidApp.Packaging\FirstNativeAndroidApp.Packaging.androidproj", "{9C5784F1-7366-498C-AC71-D04A413D5B51}"
EndProject
Project("{8BC9CEB8-8B4A-11D0-8D11-00A0C91BC942}") = "FirstNativeAndroidApp.NativeActivity", "FirstNativeAndroidApp\FirstNativeAndroidApp.NativeActivity\FirstNativeAndroidApp.NativeActivity.vcxproj", "{BF5CB851-0E49-4ED2-8C8F-ACF037BBEEF5}"
EndProject
Project("{8BC9CEB8-8B4A-11D0-8D11-00A0C91BC942}") = "SDL2", "SDL2\SDL2.vcxproj", "{C27A61E5-CD6D-4C98-A55D-F500B4D844A7}"
EndProject
Project("{39E2626F-3545-4960-A6E8-258AD8476CE5}") = "FirstNativeAndroidApp", "FirstNativeAndroidApp\FirstNativeAndroidApp\FirstNativeAndroidApp.androidproj", "{2BD5B648-F2FF-4C48-BB6F-05B9636885F4}"
EndProject
Project("{8BC9CEB8-8B4A-11D0-8D11-00A0C91BC942}") = "main", "main\main.vcxproj", "{D58BEB7C-6786-4226-88E1-24FC9CF05350}"
EndProject
Global
	GlobalSection(SolutionConfigurationPlatforms) = preSolution
		Debug|ARM = Debug|ARM
		Debug|ARM64 = Debug|ARM64
		Debug|x64 = Debug|x64
		Debug|x86 = Debug|x86
		Release|ARM = Release|ARM
		Release|ARM64 = Release|ARM64
		Release|x64 = Release|x64
		Release|x86 = Release|x86
	EndGlobalSection
	GlobalSection(ProjectConfigurationPlatforms) = postSolution
		{9C5784F1-7366-498C-AC71-D04A413D5B51}.Debug|ARM.ActiveCfg = Debug|ARM
		{9C5784F1-7366-498C-AC71-D04A413D5B51}.Debug|ARM.Build.0 = Debug|ARM
		{9C5784F1-7366-498C-AC71-D04A413D5B51}.Debug|ARM.Deploy.0 = Debug|ARM
		{9C5784F1-7366-498C-AC71-D04A413D5B51}.Debug|ARM64.ActiveCfg = Debug|ARM64
		{9C5784F1-7366-498C-AC71-D04A413D5B51}.Debug|ARM64.Build.0 = Debug|ARM64
		{9C5784F1-7366-498C-AC71-D04A413D5B51}.Debug|ARM64.Deploy.0 = Debug|ARM64
		{9C5784F1-7366-498C-AC71-D04A413D5B51}.Debug|x64.ActiveCfg = Debug|x64
		{9C5784F1-7366-498C-AC71-D04A413D5B51}.Debug|x64.Build.0 = Debug|x64
		{9C5784F1-7366-498C-AC71-D04A413D5B51}.Debug|x64.Deploy.0 = Debug|x64
		{9C5784F1-7366-498C-AC71-D04A413D5B51}.Debug|x86.ActiveCfg = Debug|x86
		{9C5784F1-7366-498C-AC71-D04A413D5B51}.Debug|x86.Build.0 = Debug|x86
		{9C5784F1-7366-498C-AC71-D04A413D5B51}.Debug|x86.Deploy.0 = Debug|x86
		{9C5784F1-7366-498C-AC71-D04A413D5B51}.Release|ARM.ActiveCfg = Release|ARM
		{9C5784F1-7366-498C-AC71-D04A413D5B51}.Release|ARM.Build.0 = Release|ARM
		{9C5784F1-7366-498C-AC71-D04A413D5B51}.Release|ARM.Deploy.0 = Release|ARM
		{9C5784F1-7366-498C-AC71-D04A413D5B51}.Release|ARM64.ActiveCfg = Release|ARM64
		{9C5784F1-7366-498C-AC71-D04A413D5B51}.Release|ARM64.Build.0 = Release|ARM64
		{9C5784F1-7366-498C-AC71-D04A413D5B51}.Release|ARM64.Deploy.0 = Release|ARM64
		{9C5784F1-7366-498C-AC71-D04A413D5B51}.Release|x64.ActiveCfg = Release|x64
		{9C5784F1-7366-498C-AC71-D04A413D5B51}.Release|x64.Build.0 = Release|x64
		{9C5784F1-7366-498C-AC71-D04A413D5B51}.Release|x64.Deploy.0 = Release|x64
		{9C5784F1-7366-498C-AC71-D04A413D5B51}.Release|x86.ActiveCfg = Release|x86
		{9C5784F1-7366-498C-AC71-D04A413D5B51}.Release|x86.Build.0 = Release|x86
		{9C5784F1-7366-498C-AC71-D04A413D5B51}.Release|x86.Deploy.0 = Release|x86
		{BF5CB851-0E49-4ED2-8C8F-ACF037BBEEF5}.Debug|ARM.ActiveCfg = Debug|ARM
		{BF5CB851-0E49-4ED2-8C8F-ACF037BBEEF5}.Debug|ARM.Build.0 = Debug|ARM
		{BF5CB851-0E49-4ED2-8C8F-ACF037BBEEF5}.Debug|ARM64.ActiveCfg = Debug|ARM64
		{BF5CB851-0E49-4ED2-8C8F-ACF037BBEEF5}.Debug|ARM64.Build.0 = Debug|ARM64
		{BF5CB851-0E49-4ED2-8C8F-ACF037BBEEF5}.Debug|x64.ActiveCfg = Debug|x64
		{BF5CB851-0E49-4ED2-8C8F-ACF037BBEEF5}.Debug|x64.Build.0 = Debug|x64
		{BF5CB851-0E49-4ED2-8C8F-ACF037BBEEF5}.Debug|x86.ActiveCfg = Debug|x86
		{BF5CB851-0E49-4ED2-8C8F-ACF037BBEEF5}.Debug|x86.Build.0 = Debug|x86
		{BF5CB851-0E49-4ED2-8C8F-ACF037BBEEF5}.Release|ARM.ActiveCfg = Release|ARM
		{BF5CB851-0E49-4ED2-8C8F-ACF037BBEEF5}.Release|ARM.Build.0 = Release|ARM
		{BF5CB851-0E49-4ED2-8C8F-ACF037BBEEF5}.Release|ARM64.ActiveCfg = Release|ARM64
		{BF5CB851-0E49-4ED2-8C8F-ACF037BBEEF5}.Release|ARM64.Build.0 = Release|ARM64
		{BF5CB851-0E49-4ED2-8C8F-ACF037BBEEF5}.Release|x64.ActiveCfg = Release|x64
		{BF5CB851-0E49-4ED2-8C8F-ACF037BBEEF5}.Release|x64.Build.0 = Release|x64
		{BF5CB851-0E49-4ED2-8C8F-ACF037BBEEF5}.Release|x86.ActiveCfg = Release|x86
		{BF5CB851-0E49-4ED2-8C8F-ACF037BBEEF5}.Release|x86.Build.0 = Release|x86
		{C27A61E5-CD6D-4C98-A55D-F500B4D844A7}.Debug|ARM.ActiveCfg = Debug|ARM
		{C27A61E5-CD6D-4C98-A55D-F500B4D844A7}.Debug|ARM.Build.0 = Debug|ARM
		{C27A61E5-CD6D-4C98-A55D-F500B4D844A7}.Debug|ARM64.ActiveCfg = Debug|ARM64
		{C27A61E5-CD6D-4C98-A55D-F500B4D844A7}.Debug|ARM64.Build.0 = Debug|ARM64
		{C27A61E5-CD6D-4C98-A55D-F500B4D844A7}.Debug|x64.ActiveCfg = Debug|x64
		{C27A61E5-CD6D-4C98-A55D-F500B4D844A7}.Debug|x64.Build.0 = Debug|x64
		{C27A61E5-CD6D-4C98-A55D-F500B4D844A7}.Debug|x86.ActiveCfg = Debug|x86
		{C27A61E5-CD6D-4C98-A55D-F500B4D844A7}.Debug|x86.Build.0 = Debug|x86
		{C27A61E5-CD6D-4C98-A55D-F500B4D844A7}.Release|ARM.ActiveCfg = Release|ARM
		{C27A61E5-CD6D-4C98-A55D-F500B4D844A7}.Release|ARM.Build.0 = Release|ARM
		{C27A61E5-CD6D-4C98-A55D-F500B4D844A7}.Release|ARM64.ActiveCfg = Release|ARM64
		{C27A61E5-CD6D-4C98-A55D-F500B4D844A7}.Release|ARM64.Build.0 = Release|ARM64
		{C27A61E5-CD6D-4C98-A55D-F500B4D844A7}.Release|x64.ActiveCfg = Release|x64
		{C27A61E5-CD6D-4C98-A55D-F500B4D844A7}.Release|x64.Build.0 = Release|x64
		{C27A61E5-CD6D-4C98-A55D-F500B4D844A7}.Release|x86.ActiveCfg = Release|x86
		{C27A61E5-CD6D-4C98-A55D-F500B4D844A7}.Release|x86.Build.0 = Release|x86
		{2BD5B648-F2FF-4C48-BB6F-05B9636885F4}.Debug|ARM.ActiveCfg = Debug|ARM
		{2BD5B648-F2FF-4C48-BB6F-05B9636885F4}.Debug|ARM.Build.0 = Debug|ARM
		{2BD5B648-F2FF-4C48-BB6F-05B9636885F4}.Debug|ARM.Deploy.0 = Debug|ARM
		{2BD5B648-F2FF-4C48-BB6F-05B9636885F4}.Debug|ARM64.ActiveCfg = Debug|ARM64
		{2BD5B648-F2FF-4C48-BB6F-05B9636885F4}.Debug|ARM64.Build.0 = Debug|ARM64
		{2BD5B648-F2FF-4C48-BB6F-05B9636885F4}.Debug|ARM64.Deploy.0 = Debug|ARM64
		{2BD5B648-F2FF-4C48-BB6F-05B9636885F4}.Debug|x64.ActiveCfg = Debug|x64
		{2BD5B648-F2FF-4C48-BB6F-05B9636885F4}.Debug|x64.Build.0 = Debug|x64
		{2BD5B648-F2FF-4C48-BB6F-05B9636885F4}.Debug|x64.Deploy.0 = Debug|x64
		{2BD5B648-F2FF-4C48-BB6F-05B9636885F4}.Debug|x86.ActiveCfg = Debug|x86
		{2BD5B648-F2FF-4C48-BB6F-05B9636885F4}.Debug|x86.Build.0 = Debug|x86
		{2BD5B648-F2FF-4C48-BB6F-05B9636885F4}.Debug|x86.Deploy.0 = Debug|x86
		{2BD5B648-F2FF-4C48-BB6F-05B9636885F4}.Release|ARM.ActiveCfg = Release|ARM
		{2BD5B648-F2FF-4C48-BB6F-05B9636885F4}.Release|ARM.Build.0 = Release|ARM
		{2BD5B648-F2FF-4C48-BB6F-05B9636885F4}.Release|ARM.Deploy.0 = Release|ARM
		{2BD5B648-F2FF-4C48-BB6F-05B9636885F4}.Release|ARM64.ActiveCfg = Release|ARM64
		{2BD5B648-F2FF-4C48-BB6F-05B9636885F4}.Release|ARM64.Build.0 = Release|ARM64
		{2BD5B648-F2FF-4C48-BB6F-05B9636885F4}.Release|ARM64.Deploy.0 = Release|ARM64
		{2BD5B648-F2FF-4C48-BB6F-05B9636885F4}.Release|x64.ActiveCfg = Release|x64
		{2BD5B648-F2FF-4C48-BB6F-05B9636885F4}.Release|x64.Build.0 = Release|x64
		{2BD5B648-F2FF-4C48-BB6F-05B9636885F4}.Release|x64.Deploy.0 = Release|x64
		{2BD5B648-F2FF-4C48-BB6F-05B9636885F4}.Release|x86.ActiveCfg = Release|x86
		{2BD5B648-F2FF-4C48-BB6F-05B9636885F4}.Release|x86.Build.0 = Release|x86
		{2BD5B648-F2FF-4C48-BB6F-05B9636885F4}.Release|x86.Deploy.0 = Release|x86
		{D58BEB7C-6786-4226-88E1-24FC9CF05350}.Debug|ARM.ActiveCfg = Debug|ARM
		{D58BEB7C-6786-4226-88E1-24FC9CF05350}.Debug|ARM.Build.0 = Debug|ARM
		{D58BEB7C-6786-4226-88E1-24FC9CF05350}.Debug|ARM64.ActiveCfg = Debug|ARM64
		{D58BEB7C-6786-4226-88E1-24FC9CF05350}.Debug|ARM64.Build.0 = Debug|ARM64
		{D58BEB7C-6786-4226-88E1-24FC9CF05350}.Debug|x64.ActiveCfg = Debug|x64
		{D58BEB7C-6786-4226-88E1-24FC9CF05350}.Debug|x64.Build.0 = Debug|x64
		{D58BEB7C-6786-4226-88E1-24FC9CF05350}.Debug|x86.ActiveCfg = Debug|x86
		{D58BEB7C-6786-4226-88E1-24FC9CF05350}.Debug|x86.Build.0 = Debug|x86
		{D58BEB7C-6786-4226-88E1-24FC9CF05350}.Release|ARM.ActiveCfg = Release|ARM
		{D58BEB7C-6786-4226-88E1-24FC9CF05350}.Release|ARM.Build.0 = Release|ARM
		{D58BEB7C-6786-4226-88E1-24FC9CF05350}.Release|ARM64.ActiveCfg = Release|ARM64
		{D58BEB7C-6786-4226-88E1-24FC9CF05350}.Release|ARM64.Build.0 = Release|ARM64
		{D58BEB7C-6786-4226-88E1-24FC9CF05350}.Release|x64.ActiveCfg = Release|x64
		{D58BEB7C-6786-4226-88E1-24FC9CF05350}.Release|x64.Build.0 = Release|x64
		{D58BEB7C-6786-4226-88E1-24FC9CF05350}.Release|x86.ActiveCfg = Release|x86
		{D58BEB7C-6786-4226-88E1-24FC9CF05350}.Release|x86.Build.0 = Release|x86
	EndGlobalSection
	GlobalSection(SolutionProperties) = preSolution
		HideSolutionNode = FALSE
	EndGlobalSection
	GlobalSection(NestedProjects) = preSolution
		{9C5784F1-7366-498C-AC71-D04A413D5B51} = {B89CDC5A-FEE5-49FE-AE44-B0C2F74E2CDC}
		{BF5CB851-0E49-4ED2-8C8F-ACF037BBEEF5} = {B89CDC5A-FEE5-49FE-AE44-B0C2F74E2CDC}
		{C27A61E5-CD6D-4C98-A55D-F500B4D844A7} = {B89CDC5A-FEE5-49FE-AE44-B0C2F74E2CDC}
		{2BD5B648-F2FF-4C48-BB6F-05B9636885F4} = {B89CDC5A-FEE5-49FE-AE44-B0C2F74E2CDC}
		{D58BEB7C-6786-4226-88E1-24FC9CF05350} = {B89CDC5A-FEE5-49FE-AE44-B0C2F74E2CDC}
	EndGlobalSection
	GlobalSection(ExtensibilityGlobals) = postSolution
		SolutionGuid = {F79113AE-71AA-437C-9908-0C9BF24FBECE}
	EndGlobalSection
EndGlobal
